{
  "meteor": {},
  "dependencies": {
    "basePackages": {
      "filter-collections": {}
    },
    "packages": {
      "filter-collections": {
        "git": "https://github.com/julianmontagna/filter-collections.git",
        "tag": "v0.1.4",
        "commit": "87bc9cee7a23459e427d4613383be3f67f29245c"
      }
    }
  }
}
